
Microsoft Visual Studio Solution File, Format Version 12.00
# Visual Studio 15
VisualStudioVersion = 15.0.28307.329
MinimumVisualStudioVersion = 10.0.40219.1
Project("{FAE04EC0-301F-11D3-BF4B-00C04F79EFBC}") = "Docler", "Docler\Docler.csproj", "{C190249A-99C8-4ADF-8B36-B93C5B0FF629}"
EndProject
Project("{FAE04EC0-301F-11D3-BF4B-00C04F79EFBC}") = "Pages", "Pages\Pages.csproj", "{2DD3A639-91B7-4997-A62C-78B48E8D47D5}"
EndProject
Global
	GlobalSection(SolutionConfigurationPlatforms) = preSolution
		Debug|Any CPU = Debug|Any CPU
		Release|Any CPU = Release|Any CPU
	EndGlobalSection
	GlobalSection(ProjectConfigurationPlatforms) = postSolution
		{C190249A-99C8-4ADF-8B36-B93C5B0FF629}.Debug|Any CPU.ActiveCfg = Debug|Any CPU
		{C190249A-99C8-4ADF-8B36-B93C5B0FF629}.Debug|Any CPU.Build.0 = Debug|Any CPU
		{C190249A-99C8-4ADF-8B36-B93C5B0FF629}.Release|Any CPU.ActiveCfg = Release|Any CPU
		{C190249A-99C8-4ADF-8B36-B93C5B0FF629}.Release|Any CPU.Build.0 = Release|Any CPU
		{2DD3A639-91B7-4997-A62C-78B48E8D47D5}.Debug|Any CPU.ActiveCfg = Debug|Any CPU
		{2DD3A639-91B7-4997-A62C-78B48E8D47D5}.Debug|Any CPU.Build.0 = Debug|Any CPU
		{2DD3A639-91B7-4997-A62C-78B48E8D47D5}.Release|Any CPU.ActiveCfg = Release|Any CPU
		{2DD3A639-91B7-4997-A62C-78B48E8D47D5}.Release|Any CPU.Build.0 = Release|Any CPU
	EndGlobalSection
	GlobalSection(SolutionProperties) = preSolution
		HideSolutionNode = FALSE
	EndGlobalSection
	GlobalSection(ExtensibilityGlobals) = postSolution
		SolutionGuid = {238F8C7B-4A76-42E2-8B61-E8EE4B133456}
	EndGlobalSection
EndGlobal
